# This file is autogenerated, do not edit; changes may be undone by the next 'dep ensure'.


[[projects]]
  name = "github.com/gorilla/context"
  packages = ["."]
  revision = "1ea25387ff6f684839d82767c1733ff4d4d15d0a"
  version = "v1.1"

[[projects]]
  name = "github.com/gorilla/mux"
  packages = ["."]
  revision = "7f08801859139f86dfafd1c296e2cba9a80d292e"
  version = "v1.6.0"

[[projects]]
  branch = "master"
  name = "github.com/kless/osutil"
  packages = ["user/crypt/sha512_crypt"]
  revision = "7d3ee1afa71c90fd1514c8f557ae6c5f414208eb"

[[projects]]
  branch = "master"
  name = "github.com/tredoe/osutil"
  packages = [
    "user/crypt",
    "user/crypt/common"
  ]
  revision = "7d3ee1afa71c90fd1514c8f557ae6c5f414208eb"

[[projects]]
  branch = "v2"
  name = "gopkg.in/yaml.v2"
  packages = ["."]
  revision = "c95af922eae69f190717a0b7148960af8c55a072"

[solve-meta]
  analyzer-name = "dep"
  analyzer-version = 1
  inputs-digest = "9f399c56ed078291a82f90c3295215c79aaaf2633e09f6986bd0ffea3b89d158"
  solver-name = "gps-cdcl"
  solver-version = 1
